Microsoft Visual Studio Solution File, Format Version 12.00
# Visual Studio 15
VisualStudioVersion = 15.0.27130.2027
MinimumVisualStudioVersion = 15.0.26124.0
Project("{9A19103F-16F7-4668-BE54-9A1E7A4F7556}") = "KnockKnock", "KnockKnock\KnockKnock.csproj", "{E6A5D7DD-BBFA-4F5C-B89D-50E256784576}"
EndProject
Project("{9A19103F-16F7-4668-BE54-9A1E7A4F7556}") = "KnockKnockServer", "KnockKnockServer\KnockKnockServer.csproj", "{03F66992-D3B9-4BCA-902F-9D0EDF38E666}"
EndProject
Project("{9A19103F-16F7-4668-BE54-9A1E7A4F7556}") = "KnockKnockClient", "KnockKnockClient\KnockKnockClient.csproj", "{9E73982A-47DD-4529-AE48-33968C07E350}"
EndProject
Project("{FAE04EC0-301F-11D3-BF4B-00C04F79EFBC}") = "KnockKnockClientInteractive", "KnockKnockClientInteractive\KnockKnockClientInteractive.csproj", "{A1F6AAD5-F28A-45B3-9C49-B8F48B93F624}"
EndProject
Project("{FAE04EC0-301F-11D3-BF4B-00C04F79EFBC}") = "KnockKnockServer.Tests", "KnockKnockServer.Tests\KnockKnockServer.Tests.csproj", "{BC24686C-E647-4F55-9026-C9E17E3A0873}"
EndProject
Global
	GlobalSection(SolutionConfigurationPlatforms) = preSolution
		Debug|Any CPU = Debug|Any CPU
		Debug|x64 = Debug|x64
		Debug|x86 = Debug|x86
		Release|Any CPU = Release|Any CPU
		Release|x64 = Release|x64
		Release|x86 = Release|x86
	EndGlobalSection
	GlobalSection(ProjectConfigurationPlatforms) = postSolution
		{E6A5D7DD-BBFA-4F5C-B89D-50E256784576}.Debug|Any CPU.ActiveCfg = Debug|Any CPU
		{E6A5D7DD-BBFA-4F5C-B89D-50E256784576}.Debug|Any CPU.Build.0 = Debug|Any CPU
		{E6A5D7DD-BBFA-4F5C-B89D-50E256784576}.Debug|x64.ActiveCfg = Debug|Any CPU
		{E6A5D7DD-BBFA-4F5C-B89D-50E256784576}.Debug|x64.Build.0 = Debug|Any CPU
		{E6A5D7DD-BBFA-4F5C-B89D-50E256784576}.Debug|x86.ActiveCfg = Debug|Any CPU
		{E6A5D7DD-BBFA-4F5C-B89D-50E256784576}.Debug|x86.Build.0 = Debug|Any CPU
		{E6A5D7DD-BBFA-4F5C-B89D-50E256784576}.Release|Any CPU.ActiveCfg = Release|Any CPU
		{E6A5D7DD-BBFA-4F5C-B89D-50E256784576}.Release|Any CPU.Build.0 = Release|Any CPU
		{E6A5D7DD-BBFA-4F5C-B89D-50E256784576}.Release|x64.ActiveCfg = Release|Any CPU
		{E6A5D7DD-BBFA-4F5C-B89D-50E256784576}.Release|x64.Build.0 = Release|Any CPU
		{E6A5D7DD-BBFA-4F5C-B89D-50E256784576}.Release|x86.ActiveCfg = Release|Any CPU
		{E6A5D7DD-BBFA-4F5C-B89D-50E256784576}.Release|x86.Build.0 = Release|Any CPU
		{03F66992-D3B9-4BCA-902F-9D0EDF38E666}.Debug|Any CPU.ActiveCfg = Debug|Any CPU
		{03F66992-D3B9-4BCA-902F-9D0EDF38E666}.Debug|Any CPU.Build.0 = Debug|Any CPU
		{03F66992-D3B9-4BCA-902F-9D0EDF38E666}.Debug|x64.ActiveCfg = Debug|Any CPU
		{03F66992-D3B9-4BCA-902F-9D0EDF38E666}.Debug|x64.Build.0 = Debug|Any CPU
		{03F66992-D3B9-4BCA-902F-9D0EDF38E666}.Debug|x86.ActiveCfg = Debug|Any CPU
		{03F66992-D3B9-4BCA-902F-9D0EDF38E666}.Debug|x86.Build.0 = Debug|Any CPU
		{03F66992-D3B9-4BCA-902F-9D0EDF38E666}.Release|Any CPU.ActiveCfg = Release|Any CPU
		{03F66992-D3B9-4BCA-902F-9D0EDF38E666}.Release|Any CPU.Build.0 = Release|Any CPU
		{03F66992-D3B9-4BCA-902F-9D0EDF38E666}.Release|x64.ActiveCfg = Release|Any CPU
		{03F66992-D3B9-4BCA-902F-9D0EDF38E666}.Release|x64.Build.0 = Release|Any CPU
		{03F66992-D3B9-4BCA-902F-9D0EDF38E666}.Release|x86.ActiveCfg = Release|Any CPU
		{03F66992-D3B9-4BCA-902F-9D0EDF38E666}.Release|x86.Build.0 = Release|Any CPU
		{9E73982A-47DD-4529-AE48-33968C07E350}.Debug|Any CPU.ActiveCfg = Debug|Any CPU
		{9E73982A-47DD-4529-AE48-33968C07E350}.Debug|Any CPU.Build.0 = Debug|Any CPU
		{9E73982A-47DD-4529-AE48-33968C07E350}.Debug|x64.ActiveCfg = Debug|Any CPU
		{9E73982A-47DD-4529-AE48-33968C07E350}.Debug|x64.Build.0 = Debug|Any CPU
		{9E73982A-47DD-4529-AE48-33968C07E350}.Debug|x86.ActiveCfg = Debug|Any CPU
		{9E73982A-47DD-4529-AE48-33968C07E350}.Debug|x86.Build.0 = Debug|Any CPU
		{9E73982A-47DD-4529-AE48-33968C07E350}.Release|Any CPU.ActiveCfg = Release|Any CPU
		{9E73982A-47DD-4529-AE48-33968C07E350}.Release|Any CPU.Build.0 = Release|Any CPU
		{9E73982A-47DD-4529-AE48-33968C07E350}.Release|x64.ActiveCfg = Release|Any CPU
		{9E73982A-47DD-4529-AE48-33968C07E350}.Release|x64.Build.0 = Release|Any CPU
		{9E73982A-47DD-4529-AE48-33968C07E350}.Release|x86.ActiveCfg = Release|Any CPU
		{9E73982A-47DD-4529-AE48-33968C07E350}.Release|x86.Build.0 = Release|Any CPU
		{A1F6AAD5-F28A-45B3-9C49-B8F48B93F624}.Debug|Any CPU.ActiveCfg = Debug|Any CPU
		{A1F6AAD5-F28A-45B3-9C49-B8F48B93F624}.Debug|Any CPU.Build.0 = Debug|Any CPU
		{A1F6AAD5-F28A-45B3-9C49-B8F48B93F624}.Debug|x64.ActiveCfg = Debug|Any CPU
		{A1F6AAD5-F28A-45B3-9C49-B8F48B93F624}.Debug|x64.Build.0 = Debug|Any CPU
		{A1F6AAD5-F28A-45B3-9C49-B8F48B93F624}.Debug|x86.ActiveCfg = Debug|Any CPU
		{A1F6AAD5-F28A-45B3-9C49-B8F48B93F624}.Debug|x86.Build.0 = Debug|Any CPU
		{A1F6AAD5-F28A-45B3-9C49-B8F48B93F624}.Release|Any CPU.ActiveCfg = Release|Any CPU
		{A1F6AAD5-F28A-45B3-9C49-B8F48B93F624}.Release|Any CPU.Build.0 = Release|Any CPU
		{A1F6AAD5-F28A-45B3-9C49-B8F48B93F624}.Release|x64.ActiveCfg = Release|Any CPU
		{A1F6AAD5-F28A-45B3-9C49-B8F48B93F624}.Release|x64.Build.0 = Release|Any CPU
		{A1F6AAD5-F28A-45B3-9C49-B8F48B93F624}.Release|x86.ActiveCfg = Release|Any CPU
		{A1F6AAD5-F28A-45B3-9C49-B8F48B93F624}.Release|x86.Build.0 = Release|Any CPU
		{BC24686C-E647-4F55-9026-C9E17E3A0873}.Debug|Any CPU.ActiveCfg = Debug|Any CPU
		{BC24686C-E647-4F55-9026-C9E17E3A0873}.Debug|Any CPU.Build.0 = Debug|Any CPU
		{BC24686C-E647-4F55-9026-C9E17E3A0873}.Debug|x64.ActiveCfg = Debug|x64
		{BC24686C-E647-4F55-9026-C9E17E3A0873}.Debug|x64.Build.0 = Debug|x64
		{BC24686C-E647-4F55-9026-C9E17E3A0873}.Debug|x86.ActiveCfg = Debug|x86
		{BC24686C-E647-4F55-9026-C9E17E3A0873}.Debug|x86.Build.0 = Debug|x86
		{BC24686C-E647-4F55-9026-C9E17E3A0873}.Release|Any CPU.ActiveCfg = Release|Any CPU
		{BC24686C-E647-4F55-9026-C9E17E3A0873}.Release|Any CPU.Build.0 = Release|Any CPU
		{BC24686C-E647-4F55-9026-C9E17E3A0873}.Release|x64.ActiveCfg = Release|x64
		{BC24686C-E647-4F55-9026-C9E17E3A0873}.Release|x64.Build.0 = Release|x64
		{BC24686C-E647-4F55-9026-C9E17E3A0873}.Release|x86.ActiveCfg = Release|x86
		{BC24686C-E647-4F55-9026-C9E17E3A0873}.Release|x86.Build.0 = Release|x86
	EndGlobalSection
	GlobalSection(SolutionProperties) = preSolution
		HideSolutionNode = FALSE
	EndGlobalSection
	GlobalSection(ExtensibilityGlobals) = postSolution
		SolutionGuid = {0F9BFD4C-0153-4A0C-939D-D266CB816954}
	EndGlobalSection
EndGlobal
